# This file is automatically @generated by Cargo.
# It is not intended for manual editing.
version = 3

[[package]]
name = "acf"
version = "0.1.0"
dependencies = [
 "winnow",
]

[[package]]
name = "winnow"
version = "0.5.34"
source = "registry+https://github.com/rust-lang/crates.io-index"
checksum = "b7cf47b659b318dccbd69cc4797a39ae128f533dce7902a1096044d1967b9c16"
